
Microsoft Visual Studio Solution File, Format Version 12.00
# Visual Studio Version 16
VisualStudioVersion = 16.0.30517.126
MinimumVisualStudioVersion = 10.0.40219.1
Project("{FAE04EC0-301F-11D3-BF4B-00C04F79EFBC}") = "ConsoleApp1", "ConsoleApp1\ConsoleApp1.csproj", "{4F4695EA-DDE4-46A7-89CF-0BBF1AA18C70}"
EndProject
Project("{FAE04EC0-301F-11D3-BF4B-00C04F79EFBC}") = "Strings", "ConsoleApp2\Strings.csproj", "{6B9957F6-8F83-4A74-8754-534360632B9C}"
EndProject
Project("{FAE04EC0-301F-11D3-BF4B-00C04F79EFBC}") = "StringsExecrcise", "StringsExecrcise\StringsExecrcise.csproj", "{EEA2D7A2-ED1A-464B-A0F9-B24B34E960C9}"
EndProject
Project("{FAE04EC0-301F-11D3-BF4B-00C04F79EFBC}") = "StringAndFor Loop", "StringAndFor Loop\StringAndFor Loop.csproj", "{B6023B91-042D-4090-B86A-DA64E580FD03}"
EndProject
Project("{FAE04EC0-301F-11D3-BF4B-00C04F79EFBC}") = "CompareStrings", "CompareStrings\CompareStrings.csproj", "{88A817FD-3B67-4F2E-86E9-B41F15DEDF17}"
EndProject
Project("{FAE04EC0-301F-11D3-BF4B-00C04F79EFBC}") = "Tagurpidi", "Tagurpidi\Tagurpidi.csproj", "{E3008F61-A932-4A2D-9DE3-E830090CCCA1}"
EndProject
Global
	GlobalSection(SolutionConfigurationPlatforms) = preSolution
		Debug|Any CPU = Debug|Any CPU
		Release|Any CPU = Release|Any CPU
	EndGlobalSection
	GlobalSection(ProjectConfigurationPlatforms) = postSolution
		{4F4695EA-DDE4-46A7-89CF-0BBF1AA18C70}.Debug|Any CPU.ActiveCfg = Debug|Any CPU
		{4F4695EA-DDE4-46A7-89CF-0BBF1AA18C70}.Debug|Any CPU.Build.0 = Debug|Any CPU
		{4F4695EA-DDE4-46A7-89CF-0BBF1AA18C70}.Release|Any CPU.ActiveCfg = Release|Any CPU
		{4F4695EA-DDE4-46A7-89CF-0BBF1AA18C70}.Release|Any CPU.Build.0 = Release|Any CPU
		{6B9957F6-8F83-4A74-8754-534360632B9C}.Debug|Any CPU.ActiveCfg = Debug|Any CPU
		{6B9957F6-8F83-4A74-8754-534360632B9C}.Debug|Any CPU.Build.0 = Debug|Any CPU
		{6B9957F6-8F83-4A74-8754-534360632B9C}.Release|Any CPU.ActiveCfg = Release|Any CPU
		{6B9957F6-8F83-4A74-8754-534360632B9C}.Release|Any CPU.Build.0 = Release|Any CPU
		{EEA2D7A2-ED1A-464B-A0F9-B24B34E960C9}.Debug|Any CPU.ActiveCfg = Debug|Any CPU
		{EEA2D7A2-ED1A-464B-A0F9-B24B34E960C9}.Debug|Any CPU.Build.0 = Debug|Any CPU
		{EEA2D7A2-ED1A-464B-A0F9-B24B34E960C9}.Release|Any CPU.ActiveCfg = Release|Any CPU
		{EEA2D7A2-ED1A-464B-A0F9-B24B34E960C9}.Release|Any CPU.Build.0 = Release|Any CPU
		{B6023B91-042D-4090-B86A-DA64E580FD03}.Debug|Any CPU.ActiveCfg = Debug|Any CPU
		{B6023B91-042D-4090-B86A-DA64E580FD03}.Debug|Any CPU.Build.0 = Debug|Any CPU
		{B6023B91-042D-4090-B86A-DA64E580FD03}.Release|Any CPU.ActiveCfg = Release|Any CPU
		{B6023B91-042D-4090-B86A-DA64E580FD03}.Release|Any CPU.Build.0 = Release|Any CPU
		{88A817FD-3B67-4F2E-86E9-B41F15DEDF17}.Debug|Any CPU.ActiveCfg = Debug|Any CPU
		{88A817FD-3B67-4F2E-86E9-B41F15DEDF17}.Debug|Any CPU.Build.0 = Debug|Any CPU
		{88A817FD-3B67-4F2E-86E9-B41F15DEDF17}.Release|Any CPU.ActiveCfg = Release|Any CPU
		{88A817FD-3B67-4F2E-86E9-B41F15DEDF17}.Release|Any CPU.Build.0 = Release|Any CPU
		{E3008F61-A932-4A2D-9DE3-E830090CCCA1}.Debug|Any CPU.ActiveCfg = Debug|Any CPU
		{E3008F61-A932-4A2D-9DE3-E830090CCCA1}.Debug|Any CPU.Build.0 = Debug|Any CPU
		{E3008F61-A932-4A2D-9DE3-E830090CCCA1}.Release|Any CPU.ActiveCfg = Release|Any CPU
		{E3008F61-A932-4A2D-9DE3-E830090CCCA1}.Release|Any CPU.Build.0 = Release|Any CPU
	EndGlobalSection
	GlobalSection(SolutionProperties) = preSolution
		HideSolutionNode = FALSE
	EndGlobalSection
	GlobalSection(ExtensibilityGlobals) = postSolution
		SolutionGuid = {973C726D-4FF4-4B2C-A92E-F8D530E22937}
	EndGlobalSection
EndGlobal
